
Microsoft Visual Studio Solution File, Format Version 12.00
# Visual Studio Version 17
VisualStudioVersion = 17.1.32414.318
MinimumVisualStudioVersion = 10.0.40219.1
Project("{FAE04EC0-301F-11D3-BF4B-00C04F79EFBC}") = "TelerikWebApp1", "TelerikWebApp1.csproj", "{A265F47E-8BAA-4E35-B269-F42FDB5E65F6}"
EndProject
Global
	GlobalSection(SolutionConfigurationPlatforms) = preSolution
		Debug|Any CPU = Debug|Any CPU
		Release|Any CPU = Release|Any CPU
	EndGlobalSection
	GlobalSection(ProjectConfigurationPlatforms) = postSolution
		{A265F47E-8BAA-4E35-B269-F42FDB5E65F6}.Debug|Any CPU.ActiveCfg = Debug|Any CPU
		{A265F47E-8BAA-4E35-B269-F42FDB5E65F6}.Debug|Any CPU.Build.0 = Debug|Any CPU
		{A265F47E-8BAA-4E35-B269-F42FDB5E65F6}.Release|Any CPU.ActiveCfg = Release|Any CPU
		{A265F47E-8BAA-4E35-B269-F42FDB5E65F6}.Release|Any CPU.Build.0 = Release|Any CPU
	EndGlobalSection
	GlobalSection(SolutionProperties) = preSolution
		HideSolutionNode = FALSE
	EndGlobalSection
	GlobalSection(ExtensibilityGlobals) = postSolution
		SolutionGuid = {58FEEE33-515E-4678-B29A-AD69E2686F79}
	EndGlobalSection
EndGlobal
